
Microsoft Visual Studio Solution File, Format Version 12.00
# Visual Studio 15
VisualStudioVersion = 15.0.28307.539
MinimumVisualStudioVersion = 10.0.40219.1
Project("{FAE04EC0-301F-11D3-BF4B-00C04F79EFBC}") = "ProyectoPrestamoBancario", "ProyectoPrestamoBancario\ProyectoPrestamoBancario.csproj", "{C0517F86-E0A5-419A-A7A4-2FAFFB92BFA7}"
EndProject
Project("{FAE04EC0-301F-11D3-BF4B-00C04F79EFBC}") = "CapaEntidad", "CapaEntidad\CapaEntidad.csproj", "{591A6302-8EE6-4F95-8D43-3D68316DBC41}"
EndProject
Project("{FAE04EC0-301F-11D3-BF4B-00C04F79EFBC}") = "CapaPersistencia", "CapaPersistencia\CapaPersistencia.csproj", "{47F19C39-19C6-4E74-9A34-86B2DA7ADD46}"
EndProject
Project("{FAE04EC0-301F-11D3-BF4B-00C04F79EFBC}") = "CapaLogica", "CapaLogica\CapaLogica.csproj", "{501764B1-2067-420B-9BD0-509BDCD89FC4}"
EndProject
Global
	GlobalSection(SolutionConfigurationPlatforms) = preSolution
		Debug|Any CPU = Debug|Any CPU
		Release|Any CPU = Release|Any CPU
	EndGlobalSection
	GlobalSection(ProjectConfigurationPlatforms) = postSolution
		{C0517F86-E0A5-419A-A7A4-2FAFFB92BFA7}.Debug|Any CPU.ActiveCfg = Debug|Any CPU
		{C0517F86-E0A5-419A-A7A4-2FAFFB92BFA7}.Debug|Any CPU.Build.0 = Debug|Any CPU
		{C0517F86-E0A5-419A-A7A4-2FAFFB92BFA7}.Release|Any CPU.ActiveCfg = Release|Any CPU
		{C0517F86-E0A5-419A-A7A4-2FAFFB92BFA7}.Release|Any CPU.Build.0 = Release|Any CPU
		{591A6302-8EE6-4F95-8D43-3D68316DBC41}.Debug|Any CPU.ActiveCfg = Debug|Any CPU
		{591A6302-8EE6-4F95-8D43-3D68316DBC41}.Debug|Any CPU.Build.0 = Debug|Any CPU
		{591A6302-8EE6-4F95-8D43-3D68316DBC41}.Release|Any CPU.ActiveCfg = Release|Any CPU
		{591A6302-8EE6-4F95-8D43-3D68316DBC41}.Release|Any CPU.Build.0 = Release|Any CPU
		{47F19C39-19C6-4E74-9A34-86B2DA7ADD46}.Debug|Any CPU.ActiveCfg = Debug|Any CPU
		{47F19C39-19C6-4E74-9A34-86B2DA7ADD46}.Debug|Any CPU.Build.0 = Debug|Any CPU
		{47F19C39-19C6-4E74-9A34-86B2DA7ADD46}.Release|Any CPU.ActiveCfg = Release|Any CPU
		{47F19C39-19C6-4E74-9A34-86B2DA7ADD46}.Release|Any CPU.Build.0 = Release|Any CPU
		{501764B1-2067-420B-9BD0-509BDCD89FC4}.Debug|Any CPU.ActiveCfg = Debug|Any CPU
		{501764B1-2067-420B-9BD0-509BDCD89FC4}.Debug|Any CPU.Build.0 = Debug|Any CPU
		{501764B1-2067-420B-9BD0-509BDCD89FC4}.Release|Any CPU.ActiveCfg = Release|Any CPU
		{501764B1-2067-420B-9BD0-509BDCD89FC4}.Release|Any CPU.Build.0 = Release|Any CPU
	EndGlobalSection
	GlobalSection(SolutionProperties) = preSolution
		HideSolutionNode = FALSE
	EndGlobalSection
	GlobalSection(ExtensibilityGlobals) = postSolution
		SolutionGuid = {450E18D3-5ADF-473B-9DC0-680DB81FA1B0}
	EndGlobalSection
EndGlobal
